// !$*UTF8*$!
{
	archiveVersion = 1;
	classes = {
	};
	objectVersion = 46;
	objects = {

/* Begin PBXBuildFile section */
		452ADF8003E4BA2977946B14 /* libPods-MyTestProject.a in Frameworks */ = {isa = PBXBuildFile; fileRef = 6224150600261F6E2355D0F6 /* libPods-MyTestProject.a */; };
		FA06A6B51CF5B4F0009FDBEA /* NSDate+Helper.m in Sources */ = {isa = PBXBuildFile; fileRef = FA06A6B41CF5B4F0009FDBEA /* NSDate+Helper.m */; };
		FA06A6B81CF5B561009FDBEA /* UIImage+Helper.m in Sources */ = {isa = PBXBuildFile; fileRef = FA06A6B71CF5B561009FDBEA /* UIImage+Helper.m */; };
		FA3533801CEBFC93001B9E01 /* AutoLayoutController.m in Sources */ = {isa = PBXBuildFile; fileRef = FA35337F1CEBFC93001B9E01 /* AutoLayoutController.m */; };
		FA3533841CEBFD7A001B9E01 /* AutoHeightViewController.m in Sources */ = {isa = PBXBuildFile; fileRef = FA3533831CEBFD7A001B9E01 /* AutoHeightViewController.m */; };
		FA3533871CEC35F4001B9E01 /* GridViewController.m in Sources */ = {isa = PBXBuildFile; fileRef = FA3533861CEC35F4001B9E01 /* GridViewController.m */; };
		FA35338A1CEC4FDE001B9E01 /* TypeCellViewController.m in Sources */ = {isa = PBXBuildFile; fileRef = FA3533891CEC4FDE001B9E01 /* TypeCellViewController.m */; };
		FA35338D1CEC5249001B9E01 /* WXBaseTableViewCell.m in Sources */ = {isa = PBXBuildFile; fileRef = FA35338C1CEC5249001B9E01 /* WXBaseTableViewCell.m */; };
		FA3533901CEC54B1001B9E01 /* WXPlaintextTableViewCell.m in Sources */ = {isa = PBXBuildFile; fileRef = FA35338F1CEC54B1001B9E01 /* WXPlaintextTableViewCell.m */; };
		FA3533931CEC56B3001B9E01 /* WXMessagePicTableViewCell.m in Sources */ = {isa = PBXBuildFile; fileRef = FA3533921CEC56B3001B9E01 /* WXMessagePicTableViewCell.m */; };
		FA3533961CEC57C3001B9E01 /* WXActivityLinkTableViewCell.m in Sources */ = {isa = PBXBuildFile; fileRef = FA3533951CEC57C3001B9E01 /* WXActivityLinkTableViewCell.m */; };
		FA3533991CEC58FB001B9E01 /* WXMessage.m in Sources */ = {isa = PBXBuildFile; fileRef = FA3533981CEC58FB001B9E01 /* WXMessage.m */; };
		FA35339D1CED8782001B9E01 /* WXPlaintextLinkTableViewCell.m in Sources */ = {isa = PBXBuildFile; fileRef = FA35339C1CED8782001B9E01 /* WXPlaintextLinkTableViewCell.m */; };
		FA5A0C7F1CCDC08000FCDAA3 /* AnimatioController.m in Sources */ = {isa = PBXBuildFile; fileRef = FA5A0C7E1CCDC08000FCDAA3 /* AnimatioController.m */; };
		FA5A0C831CCDE92D00FCDAA3 /* WXAnimationView.m in Sources */ = {isa = PBXBuildFile; fileRef = FA5A0C821CCDE92D00FCDAA3 /* WXAnimationView.m */; };
		FAE9554B1CE337D00073F93C /* WXAlertController.m in Sources */ = {isa = PBXBuildFile; fileRef = FAE9554A1CE337D00073F93C /* WXAlertController.m */; };
		FAE9554F1CE337F10073F93C /* AlertController.m in Sources */ = {isa = PBXBuildFile; fileRef = FAE9554D1CE337F10073F93C /* AlertController.m */; };
		FAE955561CE5AFE10073F93C /* RegularController.m in Sources */ = {isa = PBXBuildFile; fileRef = FAE955551CE5AFE10073F93C /* RegularController.m */; };
		FAF70E971CBF794D0079B29F /* main.m in Sources */ = {isa = PBXBuildFile; fileRef = FAF70E961CBF794D0079B29F /* main.m */; };
		FAF70E9A1CBF794D0079B29F /* AppDelegate.m in Sources */ = {isa = PBXBuildFile; fileRef = FAF70E991CBF794D0079B29F /* AppDelegate.m */; };
		FAF70E9D1CBF794D0079B29F /* ViewController.m in Sources */ = {isa = PBXBuildFile; fileRef = FAF70E9C1CBF794D0079B29F /* ViewController.m */; };
		FAF70EA01CBF794D0079B29F /* Main.storyboard in Resources */ = {isa = PBXBuildFile; fileRef = FAF70E9E1CBF794D0079B29F /* Main.storyboard */; };
		FAF70EA21CBF794D0079B29F /* Assets.xcassets in Resources */ = {isa = PBXBuildFile; fileRef = FAF70EA11CBF794D0079B29F /* Assets.xcassets */; };
		FAF70EA51CBF794D0079B29F /* LaunchScreen.storyboard in Resources */ = {isa = PBXBuildFile; fileRef = FAF70EA31CBF794D0079B29F /* LaunchScreen.storyboard */; };
		FAF70EC01CBF7AA60079B29F /* StarsController.m in Sources */ = {isa = PBXBuildFile; fileRef = FAF70EBF1CBF7AA60079B29F /* StarsController.m */; };
		FAF70ECC1CBF80980079B29F /* stars_off.png in Resources */ = {isa = PBXBuildFile; fileRef = FAF70EC41CBF80980079B29F /* stars_off.png */; };
		FAF70ECD1CBF80980079B29F /* stars_off@2x.png in Resources */ = {isa = PBXBuildFile; fileRef = FAF70EC51CBF80980079B29F /* stars_off@2x.png */; };
		FAF70ECE1CBF80980079B29F /* stars_off@3x.png in Resources */ = {isa = PBXBuildFile; fileRef = FAF70EC61CBF80980079B29F /* stars_off@3x.png */; };
		FAF70ECF1CBF80980079B29F /* stars_on.png in Resources */ = {isa = PBXBuildFile; fileRef = FAF70EC71CBF80980079B29F /* stars_on.png */; };
		FAF70ED01CBF80980079B29F /* stars_on@2x.png in Resources */ = {isa = PBXBuildFile; fileRef = FAF70EC81CBF80980079B29F /* stars_on@2x.png */; };
		FAF70ED11CBF80980079B29F /* stars_on@3x.png in Resources */ = {isa = PBXBuildFile; fileRef = FAF70EC91CBF80980079B29F /* stars_on@3x.png */; };
		FAF70ED21CBF80980079B29F /* WXCustomScroeView.m in Sources */ = {isa = PBXBuildFile; fileRef = FAF70ECB1CBF80980079B29F /* WXCustomScroeView.m */; };
/* End PBXBuildFile section */

/* Begin PBXFileReference section */
		5D612DDB4C756E9815B5F9B3 /* Pods-MyTestProject.debug.xcconfig */ = {isa = PBXFileReference; includeInIndex = 1; lastKnownFileType = text.xcconfig; name = "Pods-MyTestProject.debug.xcconfig"; path = "Pods/Target Support Files/Pods-MyTestProject/Pods-MyTestProject.debug.xcconfig"; sourceTree = "<group>"; };
		6224150600261F6E2355D0F6 /* libPods-MyTestProject.a */ = {isa = PBXFileReference; explicitFileType = archive.ar; includeInIndex = 0; path = "libPods-MyTestProject.a"; sourceTree = BUILT_PRODUCTS_DIR; };
		E5B0B6934907ECBF10E16805 /* Pods-MyTestProject.release.xcconfig */ = {isa = PBXFileReference; includeInIndex = 1; lastKnownFileType = text.xcconfig; name = "Pods-MyTestProject.release.xcconfig"; path = "Pods/Target Support Files/Pods-MyTestProject/Pods-MyTestProject.release.xcconfig"; sourceTree = "<group>"; };
		FA06A6B31CF5B4F0009FDBEA /* NSDate+Helper.h */ = {isa = PBXFileReference; fileEncoding = 4; lastKnownFileType = sourcecode.c.h; path = "NSDate+Helper.h"; sourceTree = "<group>"; };
		FA06A6B41CF5B4F0009FDBEA /* NSDate+Helper.m */ = {isa = PBXFileReference; fileEncoding = 4; lastKnownFileType = sourcecode.c.objc; path = "NSDate+Helper.m"; sourceTree = "<group>"; };
		FA06A6B61CF5B561009FDBEA /* UIImage+Helper.h */ = {isa = PBXFileReference; fileEncoding = 4; lastKnownFileType = sourcecode.c.h; path = "UIImage+Helper.h"; sourceTree = "<group>"; };
		FA06A6B71CF5B561009FDBEA /* UIImage+Helper.m */ = {isa = PBXFileReference; fileEncoding = 4; lastKnownFileType = sourcecode.c.objc; path = "UIImage+Helper.m"; sourceTree = "<group>"; };
		FA35337C1CEBFABA001B9E01 /* PrefixHeader.pch */ = {isa = PBXFileReference; lastKnownFileType = sourcecode.c.h; path = PrefixHeader.pch; sourceTree = "<group>"; };
		FA35337E1CEBFC93001B9E01 /* AutoLayoutController.h */ = {isa = PBXFileReference; fileEncoding = 4; lastKnownFileType = sourcecode.c.h; path = AutoLayoutController.h; sourceTree = "<group>"; };
		FA35337F1CEBFC93001B9E01 /* AutoLayoutController.m */ = {isa = PBXFileReference; fileEncoding = 4; lastKnownFileType = sourcecode.c.objc; path = AutoLayoutController.m; sourceTree = "<group>"; };
		FA3533821CEBFD7A001B9E01 /* AutoHeightViewController.h */ = {isa = PBXFileReference; fileEncoding = 4; lastKnownFileType = sourcecode.c.h; path = AutoHeightViewController.h; sourceTree = "<group>"; };
		FA3533831CEBFD7A001B9E01 /* AutoHeightViewController.m */ = {isa = PBXFileReference; fileEncoding = 4; lastKnownFileType = sourcecode.c.objc; path = AutoHeightViewController.m; sourceTree = "<group>"; };
		FA3533851CEC35F4001B9E01 /* GridViewController.h */ = {isa = PBXFileReference; fileEncoding = 4; lastKnownFileType = sourcecode.c.h; path = GridViewController.h; sourceTree = "<group>"; };
		FA3533861CEC35F4001B9E01 /* GridViewController.m */ = {isa = PBXFileReference; fileEncoding = 4; lastKnownFileType = sourcecode.c.objc; path = GridViewController.m; sourceTree = "<group>"; };
		FA3533881CEC4FDE001B9E01 /* TypeCellViewController.h */ = {isa = PBXFileReference; fileEncoding = 4; lastKnownFileType = sourcecode.c.h; path = TypeCellViewController.h; sourceTree = "<group>"; };
		FA3533891CEC4FDE001B9E01 /* TypeCellViewController.m */ = {isa = PBXFileReference; fileEncoding = 4; lastKnownFileType = sourcecode.c.objc; path = TypeCellViewController.m; sourceTree = "<group>"; };
		FA35338B1CEC5249001B9E01 /* WXBaseTableViewCell.h */ = {isa = PBXFileReference; fileEncoding = 4; lastKnownFileType = sourcecode.c.h; path = WXBaseTableViewCell.h; sourceTree = "<group>"; };
		FA35338C1CEC5249001B9E01 /* WXBaseTableViewCell.m */ = {isa = PBXFileReference; fileEncoding = 4; lastKnownFileType = sourcecode.c.objc; path = WXBaseTableViewCell.m; sourceTree = "<group>"; };
		FA35338E1CEC54B1001B9E01 /* WXPlaintextTableViewCell.h */ = {isa = PBXFileReference; fileEncoding = 4; lastKnownFileType = sourcecode.c.h; path = WXPlaintextTableViewCell.h; sourceTree = "<group>"; };
		FA35338F1CEC54B1001B9E01 /* WXPlaintextTableViewCell.m */ = {isa = PBXFileReference; fileEncoding = 4; lastKnownFileType = sourcecode.c.objc; path = WXPlaintextTableViewCell.m; sourceTree = "<group>"; };
		FA3533911CEC56B3001B9E01 /* WXMessagePicTableViewCell.h */ = {isa = PBXFileReference; fileEncoding = 4; lastKnownFileType = sourcecode.c.h; path = WXMessagePicTableViewCell.h; sourceTree = "<group>"; };
		FA3533921CEC56B3001B9E01 /* WXMessagePicTableViewCell.m */ = {isa = PBXFileReference; fileEncoding = 4; lastKnownFileType = sourcecode.c.objc; path = WXMessagePicTableViewCell.m; sourceTree = "<group>"; };
		FA3533941CEC57C3001B9E01 /* WXActivityLinkTableViewCell.h */ = {isa = PBXFileReference; fileEncoding = 4; lastKnownFileType = sourcecode.c.h; path = WXActivityLinkTableViewCell.h; sourceTree = "<group>"; };
		FA3533951CEC57C3001B9E01 /* WXActivityLinkTableViewCell.m */ = {isa = PBXFileReference; fileEncoding = 4; lastKnownFileType = sourcecode.c.objc; path = WXActivityLinkTableViewCell.m; sourceTree = "<group>"; };
		FA3533971CEC58FB001B9E01 /* WXMessage.h */ = {isa = PBXFileReference; fileEncoding = 4; lastKnownFileType = sourcecode.c.h; path = WXMessage.h; sourceTree = "<group>"; };
		FA3533981CEC58FB001B9E01 /* WXMessage.m */ = {isa = PBXFileReference; fileEncoding = 4; lastKnownFileType = sourcecode.c.objc; path = WXMessage.m; sourceTree = "<group>"; };
		FA35339B1CED8782001B9E01 /* WXPlaintextLinkTableViewCell.h */ = {isa = PBXFileReference; fileEncoding = 4; lastKnownFileType = sourcecode.c.h; path = WXPlaintextLinkTableViewCell.h; sourceTree = "<group>"; };
		FA35339C1CED8782001B9E01 /* WXPlaintextLinkTableViewCell.m */ = {isa = PBXFileReference; fileEncoding = 4; lastKnownFileType = sourcecode.c.objc; path = WXPlaintextLinkTableViewCell.m; sourceTree = "<group>"; };
		FA5A0C7D1CCDC08000FCDAA3 /* AnimatioController.h */ = {isa = PBXFileReference; fileEncoding = 4; lastKnownFileType = sourcecode.c.h; path = AnimatioController.h; sourceTree = "<group>"; };
		FA5A0C7E1CCDC08000FCDAA3 /* AnimatioController.m */ = {isa = PBXFileReference; fileEncoding = 4; lastKnownFileType = sourcecode.c.objc; path = AnimatioController.m; sourceTree = "<group>"; };
		FA5A0C811CCDE92D00FCDAA3 /* WXAnimationView.h */ = {isa = PBXFileReference; fileEncoding = 4; lastKnownFileType = sourcecode.c.h; path = WXAnimationView.h; sourceTree = "<group>"; };
		FA5A0C821CCDE92D00FCDAA3 /* WXAnimationView.m */ = {isa = PBXFileReference; fileEncoding = 4; lastKnownFileType = sourcecode.c.objc; path = WXAnimationView.m; sourceTree = "<group>"; };
		FAE955491CE337D00073F93C /* WXAlertController.h */ = {isa = PBXFileReference; fileEncoding = 4; lastKnownFileType = sourcecode.c.h; path = WXAlertController.h; sourceTree = "<group>"; };
		FAE9554A1CE337D00073F93C /* WXAlertController.m */ = {isa = PBXFileReference; fileEncoding = 4; lastKnownFileType = sourcecode.c.objc; path = WXAlertController.m; sourceTree = "<group>"; };
		FAE9554C1CE337F10073F93C /* AlertController.h */ = {isa = PBXFileReference; fileEncoding = 4; lastKnownFileType = sourcecode.c.h; path = AlertController.h; sourceTree = "<group>"; };
		FAE9554D1CE337F10073F93C /* AlertController.m */ = {isa = PBXFileReference; fileEncoding = 4; lastKnownFileType = sourcecode.c.objc; path = AlertController.m; sourceTree = "<group>"; };
		FAE955541CE5AFE10073F93C /* RegularController.h */ = {isa = PBXFileReference; fileEncoding = 4; lastKnownFileType = sourcecode.c.h; path = RegularController.h; sourceTree = "<group>"; };
		FAE955551CE5AFE10073F93C /* RegularController.m */ = {isa = PBXFileReference; fileEncoding = 4; lastKnownFileType = sourcecode.c.objc; path = RegularController.m; sourceTree = "<group>"; };
		FAF70E921CBF794C0079B29F /* MyTestProject.app */ = {isa = PBXFileReference; explicitFileType = wrapper.application; includeInIndex = 0; path = MyTestProject.app; sourceTree = BUILT_PRODUCTS_DIR; };
		FAF70E961CBF794D0079B29F /* main.m */ = {isa = PBXFileReference; lastKnownFileType = sourcecode.c.objc; path = main.m; sourceTree = "<group>"; };
		FAF70E981CBF794D0079B29F /* AppDelegate.h */ = {isa = PBXFileReference; lastKnownFileType = sourcecode.c.h; path = AppDelegate.h; sourceTree = "<group>"; };
		FAF70E991CBF794D0079B29F /* AppDelegate.m */ = {isa = PBXFileReference; lastKnownFileType = sourcecode.c.objc; path = AppDelegate.m; sourceTree = "<group>"; };
		FAF70E9B1CBF794D0079B29F /* ViewController.h */ = {isa = PBXFileReference; lastKnownFileType = sourcecode.c.h; path = ViewController.h; sourceTree = "<group>"; };
		FAF70E9C1CBF794D0079B29F /* ViewController.m */ = {isa = PBXFileReference; lastKnownFileType = sourcecode.c.objc; path = ViewController.m; sourceTree = "<group>"; };
		FAF70E9F1CBF794D0079B29F /* Base */ = {isa = PBXFileReference; lastKnownFileType = file.storyboard; name = Base; path = Base.lproj/Main.storyboard; sourceTree = "<group>"; };
		FAF70EA11CBF794D0079B29F /* Assets.xcassets */ = {isa = PBXFileReference; lastKnownFileType = folder.assetcatalog; path = Assets.xcassets; sourceTree = "<group>"; };
		FAF70EA41CBF794D0079B29F /* Base */ = {isa = PBXFileReference; lastKnownFileType = file.storyboard; name = Base; path = Base.lproj/LaunchScreen.storyboard; sourceTree = "<group>"; };
		FAF70EA61CBF794D0079B29F /* Info.plist */ = {isa = PBXFileReference; lastKnownFileType = text.plist.xml; path = Info.plist; sourceTree = "<group>"; };
		FAF70EBE1CBF7AA60079B29F /* StarsController.h */ = {isa = PBXFileReference; fileEncoding = 4; lastKnownFileType = sourcecode.c.h; path = StarsController.h; sourceTree = "<group>"; };
		FAF70EBF1CBF7AA60079B29F /* StarsController.m */ = {isa = PBXFileReference; fileEncoding = 4; lastKnownFileType = sourcecode.c.objc; path = StarsController.m; sourceTree = "<group>"; };
		FAF70EC41CBF80980079B29F /* stars_off.png */ = {isa = PBXFileReference; lastKnownFileType = image.png; path = stars_off.png; sourceTree = "<group>"; };
		FAF70EC51CBF80980079B29F /* stars_off@2x.png */ = {isa = PBXFileReference; lastKnownFileType = image.png; path = "stars_off@2x.png"; sourceTree = "<group>"; };
		FAF70EC61CBF80980079B29F /* stars_off@3x.png */ = {isa = PBXFileReference; lastKnownFileType = image.png; path = "stars_off@3x.png"; sourceTree = "<group>"; };
		FAF70EC71CBF80980079B29F /* stars_on.png */ = {isa = PBXFileReference; lastKnownFileType = image.png; path = stars_on.png; sourceTree = "<group>"; };
		FAF70EC81CBF80980079B29F /* stars_on@2x.png */ = {isa = PBXFileReference; lastKnownFileType = image.png; path = "stars_on@2x.png"; sourceTree = "<group>"; };
		FAF70EC91CBF80980079B29F /* stars_on@3x.png */ = {isa = PBXFileReference; lastKnownFileType = image.png; path = "stars_on@3x.png"; sourceTree = "<group>"; };
		FAF70ECA1CBF80980079B29F /* WXCustomScroeView.h */ = {isa = PBXFileReference; fileEncoding = 4; lastKnownFileType = sourcecode.c.h; path = WXCustomScroeView.h; sourceTree = "<group>"; };
		FAF70ECB1CBF80980079B29F /* WXCustomScroeView.m */ = {isa = PBXFileReference; fileEncoding = 4; lastKnownFileType = sourcecode.c.objc; path = WXCustomScroeView.m; sourceTree = "<group>"; };
/* End PBXFileReference section */

/* Begin PBXFrameworksBuildPhase section */
		FAF70E8F1CBF794C0079B29F /* Frameworks */ = {
			isa = PBXFrameworksBuildPhase;
			buildActionMask = 2147483647;
			files = (
				452ADF8003E4BA2977946B14 /* libPods-MyTestProject.a in Frameworks */,
			);
			runOnlyForDeploymentPostprocessing = 0;
		};
/* End PBXFrameworksBuildPhase section */

/* Begin PBXGroup section */
		B8073C23745215340815AE61 /* Frameworks */ = {
			isa = PBXGroup;
			children = (
				6224150600261F6E2355D0F6 /* libPods-MyTestProject.a */,
			);
			name = Frameworks;
			sourceTree = "<group>";
		};
		F2BDCCF2C61F4A61E8CDD397 /* Pods */ = {
			isa = PBXGroup;
			children = (
				5D612DDB4C756E9815B5F9B3 /* Pods-MyTestProject.debug.xcconfig */,
				E5B0B6934907ECBF10E16805 /* Pods-MyTestProject.release.xcconfig */,
			);
			name = Pods;
			sourceTree = "<group>";
		};
		FA06A6B21CF5B4D7009FDBEA /* Other */ = {
			isa = PBXGroup;
			children = (
				FA06A6B31CF5B4F0009FDBEA /* NSDate+Helper.h */,
				FA06A6B41CF5B4F0009FDBEA /* NSDate+Helper.m */,
				FA06A6B61CF5B561009FDBEA /* UIImage+Helper.h */,
				FA06A6B71CF5B561009FDBEA /* UIImage+Helper.m */,
			);
			path = Other;
			sourceTree = "<group>";
		};
		FA06A6B91CF5B7EA009FDBEA /* StarsController */ = {
			isa = PBXGroup;
			children = (
				FAF70EBE1CBF7AA60079B29F /* StarsController.h */,
				FAF70EBF1CBF7AA60079B29F /* StarsController.m */,
			);
			name = StarsController;
			sourceTree = "<group>";
		};
		FA06A6BA1CF5B7F5009FDBEA /* AnimatioController */ = {
			isa = PBXGroup;
			children = (
				FA5A0C7D1CCDC08000FCDAA3 /* AnimatioController.h */,
				FA5A0C7E1CCDC08000FCDAA3 /* AnimatioController.m */,
			);
			name = AnimatioController;
			sourceTree = "<group>";
		};
		FA06A6BB1CF5B7FD009FDBEA /* AlertController */ = {
			isa = PBXGroup;
			children = (
				FAE9554C1CE337F10073F93C /* AlertController.h */,
				FAE9554D1CE337F10073F93C /* AlertController.m */,
			);
			name = AlertController;
			sourceTree = "<group>";
		};
		FA06A6BC1CF5B803009FDBEA /* RegularController */ = {
			isa = PBXGroup;
			children = (
				FAE955541CE5AFE10073F93C /* RegularController.h */,
				FAE955551CE5AFE10073F93C /* RegularController.m */,
			);
			name = RegularController;
			sourceTree = "<group>";
		};
		FA35337D1CEBFC79001B9E01 /* AutoLayoutController */ = {
			isa = PBXGroup;
			children = (
				FA35337E1CEBFC93001B9E01 /* AutoLayoutController.h */,
				FA35337F1CEBFC93001B9E01 /* AutoLayoutController.m */,
				FA3533811CEBFD5E001B9E01 /* LayoutController */,
			);
			name = AutoLayoutController;
			sourceTree = "<group>";
		};
		FA3533811CEBFD5E001B9E01 /* LayoutController */ = {
			isa = PBXGroup;
			children = (
				FA3533971CEC58FB001B9E01 /* WXMessage.h */,
				FA3533981CEC58FB001B9E01 /* WXMessage.m */,
				FA3533821CEBFD7A001B9E01 /* AutoHeightViewController.h */,
				FA3533831CEBFD7A001B9E01 /* AutoHeightViewController.m */,
				FA3533851CEC35F4001B9E01 /* GridViewController.h */,
				FA3533861CEC35F4001B9E01 /* GridViewController.m */,
				FA3533881CEC4FDE001B9E01 /* TypeCellViewController.h */,
				FA3533891CEC4FDE001B9E01 /* TypeCellViewController.m */,
				FA35339A1CEC6F99001B9E01 /* TypeCell */,
			);
			name = LayoutController;
			sourceTree = "<group>";
		};
		FA35339A1CEC6F99001B9E01 /* TypeCell */ = {
			isa = PBXGroup;
			children = (
				FA35338B1CEC5249001B9E01 /* WXBaseTableViewCell.h */,
				FA35338C1CEC5249001B9E01 /* WXBaseTableViewCell.m */,
				FA35338E1CEC54B1001B9E01 /* WXPlaintextTableViewCell.h */,
				FA35338F1CEC54B1001B9E01 /* WXPlaintextTableViewCell.m */,
				FA3533911CEC56B3001B9E01 /* WXMessagePicTableViewCell.h */,
				FA3533921CEC56B3001B9E01 /* WXMessagePicTableViewCell.m */,
				FA3533941CEC57C3001B9E01 /* WXActivityLinkTableViewCell.h */,
				FA3533951CEC57C3001B9E01 /* WXActivityLinkTableViewCell.m */,
				FA35339B1CED8782001B9E01 /* WXPlaintextLinkTableViewCell.h */,
				FA35339C1CED8782001B9E01 /* WXPlaintextLinkTableViewCell.m */,
			);
			name = TypeCell;
			sourceTree = "<group>";
		};
		FA5A0C801CCDE91C00FCDAA3 /* WXAnimationView */ = {
			isa = PBXGroup;
			children = (
				FA5A0C811CCDE92D00FCDAA3 /* WXAnimationView.h */,
				FA5A0C821CCDE92D00FCDAA3 /* WXAnimationView.m */,
			);
			path = WXAnimationView;
			sourceTree = "<group>";
		};
		FAE955481CE337D00073F93C /* WXAlertController */ = {
			isa = PBXGroup;
			children = (
				FAE955491CE337D00073F93C /* WXAlertController.h */,
				FAE9554A1CE337D00073F93C /* WXAlertController.m */,
			);
			path = WXAlertController;
			sourceTree = "<group>";
		};
		FAF70E891CBF794C0079B29F = {
			isa = PBXGroup;
			children = (
				FAF70E941CBF794D0079B29F /* MyTestProject */,
				FAF70E931CBF794C0079B29F /* Products */,
				F2BDCCF2C61F4A61E8CDD397 /* Pods */,
				B8073C23745215340815AE61 /* Frameworks */,
			);
			sourceTree = "<group>";
		};
		FAF70E931CBF794C0079B29F /* Products */ = {
			isa = PBXGroup;
			children = (
				FAF70E921CBF794C0079B29F /* MyTestProject.app */,
			);
			name = Products;
			sourceTree = "<group>";
		};
		FAF70E941CBF794D0079B29F /* MyTestProject */ = {
			isa = PBXGroup;
			children = (
				FA06A6B21CF5B4D7009FDBEA /* Other */,
				FAF70EC11CBF80980079B29F /* View */,
				FAF70EBD1CBF7A7F0079B29F /* Controller */,
				FAF70E981CBF794D0079B29F /* AppDelegate.h */,
				FAF70E991CBF794D0079B29F /* AppDelegate.m */,
				FAF70E9B1CBF794D0079B29F /* ViewController.h */,
				FAF70E9C1CBF794D0079B29F /* ViewController.m */,
				FAF70E9E1CBF794D0079B29F /* Main.storyboard */,
				FAF70EA11CBF794D0079B29F /* Assets.xcassets */,
				FAF70EA31CBF794D0079B29F /* LaunchScreen.storyboard */,
				FAF70EA61CBF794D0079B29F /* Info.plist */,
				FAF70E951CBF794D0079B29F /* Supporting Files */,
			);
			path = MyTestProject;
			sourceTree = "<group>";
		};
		FAF70E951CBF794D0079B29F /* Supporting Files */ = {
			isa = PBXGroup;
			children = (
				FAF70E961CBF794D0079B29F /* main.m */,
				FA35337C1CEBFABA001B9E01 /* PrefixHeader.pch */,
			);
			name = "Supporting Files";
			sourceTree = "<group>";
		};
		FAF70EBD1CBF7A7F0079B29F /* Controller */ = {
			isa = PBXGroup;
			children = (
				FA35337D1CEBFC79001B9E01 /* AutoLayoutController */,
				FA06A6B91CF5B7EA009FDBEA /* StarsController */,
				FA06A6BA1CF5B7F5009FDBEA /* AnimatioController */,
				FA06A6BB1CF5B7FD009FDBEA /* AlertController */,
				FA06A6BC1CF5B803009FDBEA /* RegularController */,
			);
			path = Controller;
			sourceTree = "<group>";
		};
		FAF70EC11CBF80980079B29F /* View */ = {
			isa = PBXGroup;
			children = (
				FAE955481CE337D00073F93C /* WXAlertController */,
				FA5A0C801CCDE91C00FCDAA3 /* WXAnimationView */,
				FAF70EC21CBF80980079B29F /* WXCustomScroeView */,
			);
			path = View;
			sourceTree = "<group>";
		};
		FAF70EC21CBF80980079B29F /* WXCustomScroeView */ = {
			isa = PBXGroup;
			children = (
				FAF70EC31CBF80980079B29F /* images */,
				FAF70ECA1CBF80980079B29F /* WXCustomScroeView.h */,
				FAF70ECB1CBF80980079B29F /* WXCustomScroeView.m */,
			);
			path = WXCustomScroeView;
			sourceTree = "<group>";
		};
		FAF70EC31CBF80980079B29F /* images */ = {
			isa = PBXGroup;
			children = (
				FAF70EC41CBF80980079B29F /* stars_off.png */,
				FAF70EC51CBF80980079B29F /* stars_off@2x.png */,
				FAF70EC61CBF80980079B29F /* stars_off@3x.png */,
				FAF70EC71CBF80980079B29F /* stars_on.png */,
				FAF70EC81CBF80980079B29F /* stars_on@2x.png */,
				FAF70EC91CBF80980079B29F /* stars_on@3x.png */,
			);
			path = images;
			sourceTree = "<group>";
		};
/* End PBXGroup section */

/* Begin PBXNativeTarget section */
		FAF70E911CBF794C0079B29F /* MyTestProject */ = {
			isa = PBXNativeTarget;
			buildConfigurationList = FAF70EA91CBF794D0079B29F /* Build configuration list for PBXNativeTarget "MyTestProject" */;
			buildPhases = (
				A9431F43B180DF47E7A2EF56 /* Check Pods Manifest.lock */,
				FAF70E8E1CBF794C0079B29F /* Sources */,
				FAF70E8F1CBF794C0079B29F /* Frameworks */,
				FAF70E901CBF794C0079B29F /* Resources */,
				DC824AB64650C285A561FC9B /* Embed Pods Frameworks */,
				6B9AC70C1175BC6FB9FCDFAF /* Copy Pods Resources */,
			);
			buildRules = (
			);
			dependencies = (
			);
			name = MyTestProject;
			productName = MyTestProject;
			productReference = FAF70E921CBF794C0079B29F /* MyTestProject.app */;
			productType = "com.apple.product-type.application";
		};
/* End PBXNativeTarget section */

/* Begin PBXProject section */
		FAF70E8A1CBF794C0079B29F /* Project object */ = {
			isa = PBXProject;
			attributes = {
				LastUpgradeCheck = 0730;
				ORGANIZATIONNAME = "舒永超";
				TargetAttributes = {
					FAF70E911CBF794C0079B29F = {
						CreatedOnToolsVersion = 7.3;
					};
				};
			};
			buildConfigurationList = FAF70E8D1CBF794C0079B29F /* Build configuration list for PBXProject "MyTestProject" */;
			compatibilityVersion = "Xcode 3.2";
			developmentRegion = English;
			hasScannedForEncodings = 0;
			knownRegions = (
				en,
				Base,
			);
			mainGroup = FAF70E891CBF794C0079B29F;
			productRefGroup = FAF70E931CBF794C0079B29F /* Products */;
			projectDirPath = "";
			projectRoot = "";
			targets = (
				FAF70E911CBF794C0079B29F /* MyTestProject */,
			);
		};
/* End PBXProject section */

/* Begin PBXResourcesBuildPhase section */
		FAF70E901CBF794C0079B29F /* Resources */ = {
			isa = PBXResourcesBuildPhase;
			buildActionMask = 2147483647;
			files = (
				FAF70ECF1CBF80980079B29F /* stars_on.png in Resources */,
				FAF70EA51CBF794D0079B29F /* LaunchScreen.storyboard in Resources */,
				FAF70ECD1CBF80980079B29F /* stars_off@2x.png in Resources */,
				FAF70EA21CBF794D0079B29F /* Assets.xcassets in Resources */,
				FAF70ECE1CBF80980079B29F /* stars_off@3x.png in Resources */,
				FAF70ED01CBF80980079B29F /* stars_on@2x.png in Resources */,
				FAF70EA01CBF794D0079B29F /* Main.storyboard in Resources */,
				FAF70ECC1CBF80980079B29F /* stars_off.png in Resources */,
				FAF70ED11CBF80980079B29F /* stars_on@3x.png in Resources */,
			);
			runOnlyForDeploymentPostprocessing = 0;
		};
/* End PBXResourcesBuildPhase section */

/* Begin PBXShellScriptBuildPhase section */
		6B9AC70C1175BC6FB9FCDFAF /* Copy Pods Resources */ = {
			isa = PBXShellScriptBuildPhase;
			buildActionMask = 2147483647;
			files = (
			);
			inputPaths = (
			);
			name = "Copy Pods Resources";
			outputPaths = (
			);
			runOnlyForDeploymentPostprocessing = 0;
			shellPath = /bin/sh;
			shellScript = "\"${SRCROOT}/Pods/Target Support Files/Pods-MyTestProject/Pods-MyTestProject-resources.sh\"\n";
			showEnvVarsInLog = 0;
		};
		A9431F43B180DF47E7A2EF56 /* Check Pods Manifest.lock */ = {
			isa = PBXShellScriptBuildPhase;
			buildActionMask = 2147483647;
			files = (
			);
			inputPaths = (
			);
			name = "Check Pods Manifest.lock";
			outputPaths = (
			);
			runOnlyForDeploymentPostprocessing = 0;
			shellPath = /bin/sh;
			shellScript = "diff \"${PODS_ROOT}/../Podfile.lock\" \"${PODS_ROOT}/Manifest.lock\" > /dev/null\nif [[ $? != 0 ]] ; then\n    cat << EOM\nerror: The sandbox is not in sync with the Podfile.lock. Run 'pod install' or update your CocoaPods installation.\nEOM\n    exit 1\nfi\n";
			showEnvVarsInLog = 0;
		};
		DC824AB64650C285A561FC9B /* Embed Pods Frameworks */ = {
			isa = PBXShellScriptBuildPhase;
			buildActionMask = 2147483647;
			files = (
			);
			inputPaths = (
			);
			name = "Embed Pods Frameworks";
			outputPaths = (
			);
			runOnlyForDeploymentPostprocessing = 0;
			shellPath = /bin/sh;
			shellScript = "\"${SRCROOT}/Pods/Target Support Files/Pods-MyTestProject/Pods-MyTestProject-frameworks.sh\"\n";
			showEnvVarsInLog = 0;
		};
/* End PBXShellScriptBuildPhase section */

/* Begin PBXSourcesBuildPhase section */
		FAF70E8E1CBF794C0079B29F /* Sources */ = {
			isa = PBXSourcesBuildPhase;
			buildActionMask = 2147483647;
			files = (
				FA3533991CEC58FB001B9E01 /* WXMessage.m in Sources */,
				FA3533901CEC54B1001B9E01 /* WXPlaintextTableViewCell.m in Sources */,
				FA3533801CEBFC93001B9E01 /* AutoLayoutController.m in Sources */,
				FAF70ED21CBF80980079B29F /* WXCustomScroeView.m in Sources */,
				FA3533931CEC56B3001B9E01 /* WXMessagePicTableViewCell.m in Sources */,
				FAE9554B1CE337D00073F93C /* WXAlertController.m in Sources */,
				FA35339D1CED8782001B9E01 /* WXPlaintextLinkTableViewCell.m in Sources */,
				FAF70E9D1CBF794D0079B29F /* ViewController.m in Sources */,
				FA35338A1CEC4FDE001B9E01 /* TypeCellViewController.m in Sources */,
				FAF70E9A1CBF794D0079B29F /* AppDelegate.m in Sources */,
				FAE955561CE5AFE10073F93C /* RegularController.m in Sources */,
				FA3533841CEBFD7A001B9E01 /* AutoHeightViewController.m in Sources */,
				FA06A6B51CF5B4F0009FDBEA /* NSDate+Helper.m in Sources */,
				FA35338D1CEC5249001B9E01 /* WXBaseTableViewCell.m in Sources */,
				FA3533871CEC35F4001B9E01 /* GridViewController.m in Sources */,
				FA5A0C7F1CCDC08000FCDAA3 /* AnimatioController.m in Sources */,
				FA5A0C831CCDE92D00FCDAA3 /* WXAnimationView.m in Sources */,
				FA06A6B81CF5B561009FDBEA /* UIImage+Helper.m in Sources */,
				FAE9554F1CE337F10073F93C /* AlertController.m in Sources */,
				FAF70E971CBF794D0079B29F /* main.m in Sources */,
				FAF70EC01CBF7AA60079B29F /* StarsController.m in Sources */,
				FA3533961CEC57C3001B9E01 /* WXActivityLinkTableViewCell.m in Sources */,
			);
			runOnlyForDeploymentPostprocessing = 0;
		};
/* End PBXSourcesBuildPhase section */

/* Begin PBXVariantGroup section */
		FAF70E9E1CBF794D0079B29F /* Main.storyboard */ = {
			isa = PBXVariantGroup;
			children = (
				FAF70E9F1CBF794D0079B29F /* Base */,
			);
			name = Main.storyboard;
			sourceTree = "<group>";
		};
		FAF70EA31CBF794D0079B29F /* LaunchScreen.storyboard */ = {
			isa = PBXVariantGroup;
			children = (
				FAF70EA41CBF794D0079B29F /* Base */,
			);
			name = LaunchScreen.storyboard;
			sourceTree = "<group>";
		};
/* End PBXVariantGroup section */

/* Begin XCBuildConfiguration section */
		FAF70EA71CBF794D0079B29F /* Debug */ = {
			isa = XCBuildConfiguration;
			buildSettings = {
				ALWAYS_SEARCH_USER_PATHS = NO;
				CLANG_ANALYZER_NONNULL = YES;
				CLANG_CXX_LANGUAGE_STANDARD = "gnu++0x";
				CLANG_CXX_LIBRARY = "libc++";
				CLANG_ENABLE_MODULES = YES;
				CLANG_ENABLE_OBJC_ARC = YES;
				CLANG_WARN_BOOL_CONVERSION = YES;
				CLANG_WARN_CONSTANT_CONVERSION = YES;
				CLANG_WARN_DIRECT_OBJC_ISA_USAGE = YES_ERROR;
				CLANG_WARN_EMPTY_BODY = YES;
				CLANG_WARN_ENUM_CONVERSION = YES;
				CLANG_WARN_INT_CONVERSION = YES;
				CLANG_WARN_OBJC_ROOT_CLASS = YES_ERROR;
				CLANG_WARN_UNREACHABLE_CODE = YES;
				CLANG_WARN__DUPLICATE_METHOD_MATCH = YES;
				"CODE_SIGN_IDENTITY[sdk=iphoneos*]" = "iPhone Developer";
				COPY_PHASE_STRIP = NO;
				DEBUG_INFORMATION_FORMAT = dwarf;
				ENABLE_STRICT_OBJC_MSGSEND = YES;
				ENABLE_TESTABILITY = YES;
				GCC_C_LANGUAGE_STANDARD = gnu99;
				GCC_DYNAMIC_NO_PIC = NO;
				GCC_NO_COMMON_BLOCKS = YES;
				GCC_OPTIMIZATION_LEVEL = 0;
				GCC_PREPROCESSOR_DEFINITIONS = (
					"DEBUG=1",
					"$(inherited)",
				);
				GCC_WARN_64_TO_32_BIT_CONVERSION = YES;
				GCC_WARN_ABOUT_RETURN_TYPE = YES_ERROR;
				GCC_WARN_UNDECLARED_SELECTOR = YES;
				GCC_WARN_UNINITIALIZED_AUTOS = YES_AGGRESSIVE;
				GCC_WARN_UNUSED_FUNCTION = YES;
				GCC_WARN_UNUSED_VARIABLE = YES;
				IPHONEOS_DEPLOYMENT_TARGET = 9.3;
				MTL_ENABLE_DEBUG_INFO = YES;
				ONLY_ACTIVE_ARCH = YES;
				SDKROOT = iphoneos;
			};
			name = Debug;
		};
		FAF70EA81CBF794D0079B29F /* Release */ = {
			isa = XCBuildConfiguration;
			buildSettings = {
				ALWAYS_SEARCH_USER_PATHS = NO;
				CLANG_ANALYZER_NONNULL = YES;
				CLANG_CXX_LANGUAGE_STANDARD = "gnu++0x";
				CLANG_CXX_LIBRARY = "libc++";
				CLANG_ENABLE_MODULES = YES;
				CLANG_ENABLE_OBJC_ARC = YES;
				CLANG_WARN_BOOL_CONVERSION = YES;
				CLANG_WARN_CONSTANT_CONVERSION = YES;
				CLANG_WARN_DIRECT_OBJC_ISA_USAGE = YES_ERROR;
				CLANG_WARN_EMPTY_BODY = YES;
				CLANG_WARN_ENUM_CONVERSION = YES;
				CLANG_WARN_INT_CONVERSION = YES;
				CLANG_WARN_OBJC_ROOT_CLASS = YES_ERROR;
				CLANG_WARN_UNREACHABLE_CODE = YES;
				CLANG_WARN__DUPLICATE_METHOD_MATCH = YES;
				"CODE_SIGN_IDENTITY[sdk=iphoneos*]" = "iPhone Developer";
				COPY_PHASE_STRIP = NO;
				DEBUG_INFORMATION_FORMAT = "dwarf-with-dsym";
				ENABLE_NS_ASSERTIONS = NO;
				ENABLE_STRICT_OBJC_MSGSEND = YES;
				GCC_C_LANGUAGE_STANDARD = gnu99;
				GCC_NO_COMMON_BLOCKS = YES;
				GCC_WARN_64_TO_32_BIT_CONVERSION = YES;
				GCC_WARN_ABOUT_RETURN_TYPE = YES_ERROR;
				GCC_WARN_UNDECLARED_SELECTOR = YES;
				GCC_WARN_UNINITIALIZED_AUTOS = YES_AGGRESSIVE;
				GCC_WARN_UNUSED_FUNCTION = YES;
				GCC_WARN_UNUSED_VARIABLE = YES;
				IPHONEOS_DEPLOYMENT_TARGET = 9.3;
				MTL_ENABLE_DEBUG_INFO = NO;
				SDKROOT = iphoneos;
				VALIDATE_PRODUCT = YES;
			};
			name = Release;
		};
		FAF70EAA1CBF794D0079B29F /* Debug */ = {
			isa = XCBuildConfiguration;
			baseConfigurationReference = 5D612DDB4C756E9815B5F9B3 /* Pods-MyTestProject.debug.xcconfig */;
			buildSettings = {
				ASSETCATALOG_COMPILER_APPICON_NAME = AppIcon;
				GCC_PRECOMPILE_PREFIX_HEADER = YES;
				GCC_PREFIX_HEADER = /Users/shuyongchao/Desktop/MyTestProject/MyTestProject/PrefixHeader.pch;
				INFOPLIST_FILE = MyTestProject/Info.plist;
				IPHONEOS_DEPLOYMENT_TARGET = 7.0;
				LD_RUNPATH_SEARCH_PATHS = "$(inherited) @executable_path/Frameworks";
				PRODUCT_BUNDLE_IDENTIFIER = com.cn.test.MyTestProject;
				PRODUCT_NAME = "$(TARGET_NAME)";
			};
			name = Debug;
		};
		FAF70EAB1CBF794D0079B29F /* Release */ = {
			isa = XCBuildConfiguration;
			baseConfigurationReference = E5B0B6934907ECBF10E16805 /* Pods-MyTestProject.release.xcconfig */;
			buildSettings = {
				ASSETCATALOG_COMPILER_APPICON_NAME = AppIcon;
				GCC_PRECOMPILE_PREFIX_HEADER = YES;
				GCC_PREFIX_HEADER = /Users/shuyongchao/Desktop/MyTestProject/MyTestProject/PrefixHeader.pch;
				INFOPLIST_FILE = MyTestProject/Info.plist;
				IPHONEOS_DEPLOYMENT_TARGET = 7.0;
				LD_RUNPATH_SEARCH_PATHS = "$(inherited) @executable_path/Frameworks";
				PRODUCT_BUNDLE_IDENTIFIER = com.cn.test.MyTestProject;
				PRODUCT_NAME = "$(TARGET_NAME)";
			};
			name = Release;
		};
/* End XCBuildConfiguration section */

/* Begin XCConfigurationList section */
		FAF70E8D1CBF794C0079B29F /* Build configuration list for PBXProject "MyTestProject" */ = {
			isa = XCConfigurationList;
			buildConfigurations = (
				FAF70EA71CBF794D0079B29F /* Debug */,
				FAF70EA81CBF794D0079B29F /* Release */,
			);
			defaultConfigurationIsVisible = 0;
			defaultConfigurationName = Release;
		};
		FAF70EA91CBF794D0079B29F /* Build configuration list for PBXNativeTarget "MyTestProject" */ = {
			isa = XCConfigurationList;
			buildConfigurations = (
				FAF70EAA1CBF794D0079B29F /* Debug */,
				FAF70EAB1CBF794D0079B29F /* Release */,
			);
			defaultConfigurationIsVisible = 0;
			defaultConfigurationName = Release;
		};
/* End XCConfigurationList section */
	};
	rootObject = FAF70E8A1CBF794C0079B29F /* Project object */;
}
